// !$*UTF8*$!
{
	archiveVersion = 1;
	classes = {
	};
	objectVersion = 50;
	objects = {

/* Begin PBXBuildFile section */
		968AB58523E2AF9A00AFFB59 /* AppDelegate.swift in Sources */ = {isa = PBXBuildFile; fileRef = 968AB58423E2AF9A00AFFB59 /* AppDelegate.swift */; };
		968AB58723E2AF9A00AFFB59 /* SceneDelegate.swift in Sources */ = {isa = PBXBuildFile; fileRef = 968AB58623E2AF9A00AFFB59 /* SceneDelegate.swift */; };
		968AB58923E2AF9A00AFFB59 /* ViewController.swift in Sources */ = {isa = PBXBuildFile; fileRef = 968AB58823E2AF9A00AFFB59 /* ViewController.swift */; };
		968AB58C23E2AF9A00AFFB59 /* Main.storyboard in Resources */ = {isa = PBXBuildFile; fileRef = 968AB58A23E2AF9A00AFFB59 /* Main.storyboard */; };
		968AB58E23E2AFA300AFFB59 /* Assets.xcassets in Resources */ = {isa = PBXBuildFile; fileRef = 968AB58D23E2AFA300AFFB59 /* Assets.xcassets */; };
		968AB59123E2AFA300AFFB59 /* LaunchScreen.storyboard in Resources */ = {isa = PBXBuildFile; fileRef = 968AB58F23E2AFA300AFFB59 /* LaunchScreen.storyboard */; };
		968AB59C23E2AFA400AFFB59 /* Bulmaca_SozluguTests.swift in Sources */ = {isa = PBXBuildFile; fileRef = 968AB59B23E2AFA400AFFB59 /* Bulmaca_SozluguTests.swift */; };
		968AB5A723E2AFA400AFFB59 /* Bulmaca_SozluguUITests.swift in Sources */ = {isa = PBXBuildFile; fileRef = 968AB5A623E2AFA400AFFB59 /* Bulmaca_SozluguUITests.swift */; };
/* End PBXBuildFile section */

/* Begin PBXContainerItemProxy section */
		968AB59823E2AFA300AFFB59 /* PBXContainerItemProxy */ = {
			isa = PBXContainerItemProxy;
			containerPortal = 968AB57923E2AF9A00AFFB59 /* Project object */;
			proxyType = 1;
			remoteGlobalIDString = 968AB58023E2AF9A00AFFB59;
			remoteInfo = "Bulmaca Sozlugu";
		};
		968AB5A323E2AFA400AFFB59 /* PBXContainerItemProxy */ = {
			isa = PBXContainerItemProxy;
			containerPortal = 968AB57923E2AF9A00AFFB59 /* Project object */;
			proxyType = 1;
			remoteGlobalIDString = 968AB58023E2AF9A00AFFB59;
			remoteInfo = "Bulmaca Sozlugu";
		};
/* End PBXContainerItemProxy section */

/* Begin PBXFileReference section */
		968AB58123E2AF9A00AFFB59 /* Bulmaca Sozlugu.app */ = {isa = PBXFileReference; explicitFileType = wrapper.application; includeInIndex = 0; path = "Bulmaca Sozlugu.app"; sourceTree = BUILT_PRODUCTS_DIR; };
		968AB58423E2AF9A00AFFB59 /* AppDelegate.swift */ = {isa = PBXFileReference; lastKnownFileType = sourcecode.swift; path = AppDelegate.swift; sourceTree = "<group>"; };
		968AB58623E2AF9A00AFFB59 /* SceneDelegate.swift */ = {isa = PBXFileReference; lastKnownFileType = sourcecode.swift; path = SceneDelegate.swift; sourceTree = "<group>"; };
		968AB58823E2AF9A00AFFB59 /* ViewController.swift */ = {isa = PBXFileReference; lastKnownFileType = sourcecode.swift; path = ViewController.swift; sourceTree = "<group>"; };
		968AB58B23E2AF9A00AFFB59 /* Base */ = {isa = PBXFileReference; lastKnownFileType = file.storyboard; name = Base; path = Base.lproj/Main.storyboard; sourceTree = "<group>"; };
		968AB58D23E2AFA300AFFB59 /* Assets.xcassets */ = {isa = PBXFileReference; lastKnownFileType = folder.assetcatalog; path = Assets.xcassets; sourceTree = "<group>"; };
		968AB59023E2AFA300AFFB59 /* Base */ = {isa = PBXFileReference; lastKnownFileType = file.storyboard; name = Base; path = Base.lproj/LaunchScreen.storyboard; sourceTree = "<group>"; };
		968AB59223E2AFA300AFFB59 /* Info.plist */ = {isa = PBXFileReference; lastKnownFileType = text.plist.xml; path = Info.plist; sourceTree = "<group>"; };
		968AB59723E2AFA300AFFB59 /* Bulmaca SozluguTests.xctest */ = {isa = PBXFileReference; explicitFileType = wrapper.cfbundle; includeInIndex = 0; path = "Bulmaca SozluguTests.xctest"; sourceTree = BUILT_PRODUCTS_DIR; };
		968AB59B23E2AFA400AFFB59 /* Bulmaca_SozluguTests.swift */ = {isa = PBXFileReference; lastKnownFileType = sourcecode.swift; path = Bulmaca_SozluguTests.swift; sourceTree = "<group>"; };
		968AB59D23E2AFA400AFFB59 /* Info.plist */ = {isa = PBXFileReference; lastKnownFileType = text.plist.xml; path = Info.plist; sourceTree = "<group>"; };
		968AB5A223E2AFA400AFFB59 /* Bulmaca SozluguUITests.xctest */ = {isa = PBXFileReference; explicitFileType = wrapper.cfbundle; includeInIndex = 0; path = "Bulmaca SozluguUITests.xctest"; sourceTree = BUILT_PRODUCTS_DIR; };
		968AB5A623E2AFA400AFFB59 /* Bulmaca_SozluguUITests.swift */ = {isa = PBXFileReference; lastKnownFileType = sourcecode.swift; path = Bulmaca_SozluguUITests.swift; sourceTree = "<group>"; };
		968AB5A823E2AFA400AFFB59 /* Info.plist */ = {isa = PBXFileReference; lastKnownFileType = text.plist.xml; path = Info.plist; sourceTree = "<group>"; };
/* End PBXFileReference section */

/* Begin PBXFrameworksBuildPhase section */
		968AB57E23E2AF9A00AFFB59 /* Frameworks */ = {
			isa = PBXFrameworksBuildPhase;
			buildActionMask = 2147483647;
			files = (
			);
			runOnlyForDeploymentPostprocessing = 0;
		};
		968AB59423E2AFA300AFFB59 /* Frameworks */ = {
			isa = PBXFrameworksBuildPhase;
			buildActionMask = 2147483647;
			files = (
			);
			runOnlyForDeploymentPostprocessing = 0;
		};
		968AB59F23E2AFA400AFFB59 /* Frameworks */ = {
			isa = PBXFrameworksBuildPhase;
			buildActionMask = 2147483647;
			files = (
			);
			runOnlyForDeploymentPostprocessing = 0;
		};
/* End PBXFrameworksBuildPhase section */

/* Begin PBXGroup section */
		968AB57823E2AF9A00AFFB59 = {
			isa = PBXGroup;
			children = (
				968AB58323E2AF9A00AFFB59 /* Bulmaca Sozlugu */,
				968AB59A23E2AFA300AFFB59 /* Bulmaca SozluguTests */,
				968AB5A523E2AFA400AFFB59 /* Bulmaca SozluguUITests */,
				968AB58223E2AF9A00AFFB59 /* Products */,
			);
			sourceTree = "<group>";
		};
		968AB58223E2AF9A00AFFB59 /* Products */ = {
			isa = PBXGroup;
			children = (
				968AB58123E2AF9A00AFFB59 /* Bulmaca Sozlugu.app */,
				968AB59723E2AFA300AFFB59 /* Bulmaca SozluguTests.xctest */,
				968AB5A223E2AFA400AFFB59 /* Bulmaca SozluguUITests.xctest */,
			);
			name = Products;
			sourceTree = "<group>";
		};
		968AB58323E2AF9A00AFFB59 /* Bulmaca Sozlugu */ = {
			isa = PBXGroup;
			children = (
				968AB58423E2AF9A00AFFB59 /* AppDelegate.swift */,
				968AB58623E2AF9A00AFFB59 /* SceneDelegate.swift */,
				968AB58823E2AF9A00AFFB59 /* ViewController.swift */,
				968AB58A23E2AF9A00AFFB59 /* Main.storyboard */,
				968AB58D23E2AFA300AFFB59 /* Assets.xcassets */,
				968AB58F23E2AFA300AFFB59 /* LaunchScreen.storyboard */,
				968AB59223E2AFA300AFFB59 /* Info.plist */,
			);
			path = "Bulmaca Sozlugu";
			sourceTree = "<group>";
		};
		968AB59A23E2AFA300AFFB59 /* Bulmaca SozluguTests */ = {
			isa = PBXGroup;
			children = (
				968AB59B23E2AFA400AFFB59 /* Bulmaca_SozluguTests.swift */,
				968AB59D23E2AFA400AFFB59 /* Info.plist */,
			);
			path = "Bulmaca SozluguTests";
			sourceTree = "<group>";
		};
		968AB5A523E2AFA400AFFB59 /* Bulmaca SozluguUITests */ = {
			isa = PBXGroup;
			children = (
				968AB5A623E2AFA400AFFB59 /* Bulmaca_SozluguUITests.swift */,
				968AB5A823E2AFA400AFFB59 /* Info.plist */,
			);
			path = "Bulmaca SozluguUITests";
			sourceTree = "<group>";
		};
/* End PBXGroup section */

/* Begin PBXNativeTarget section */
		968AB58023E2AF9A00AFFB59 /* Bulmaca Sozlugu */ = {
			isa = PBXNativeTarget;
			buildConfigurationList = 968AB5AB23E2AFA400AFFB59 /* Build configuration list for PBXNativeTarget "Bulmaca Sozlugu" */;
			buildPhases = (
				968AB57D23E2AF9A00AFFB59 /* Sources */,
				968AB57E23E2AF9A00AFFB59 /* Frameworks */,
				968AB57F23E2AF9A00AFFB59 /* Resources */,
			);
			buildRules = (
			);
			dependencies = (
			);
			name = "Bulmaca Sozlugu";
			productName = "Bulmaca Sozlugu";
			productReference = 968AB58123E2AF9A00AFFB59 /* Bulmaca Sozlugu.app */;
			productType = "com.apple.product-type.application";
		};
		968AB59623E2AFA300AFFB59 /* Bulmaca SozluguTests */ = {
			isa = PBXNativeTarget;
			buildConfigurationList = 968AB5AE23E2AFA400AFFB59 /* Build configuration list for PBXNativeTarget "Bulmaca SozluguTests" */;
			buildPhases = (
				968AB59323E2AFA300AFFB59 /* Sources */,
				968AB59423E2AFA300AFFB59 /* Frameworks */,
				968AB59523E2AFA300AFFB59 /* Resources */,
			);
			buildRules = (
			);
			dependencies = (
				968AB59923E2AFA300AFFB59 /* PBXTargetDependency */,
			);
			name = "Bulmaca SozluguTests";
			productName = "Bulmaca SozluguTests";
			productReference = 968AB59723E2AFA300AFFB59 /* Bulmaca SozluguTests.xctest */;
			productType = "com.apple.product-type.bundle.unit-test";
		};
		968AB5A123E2AFA400AFFB59 /* Bulmaca SozluguUITests */ = {
			isa = PBXNativeTarget;
			buildConfigurationList = 968AB5B123E2AFA400AFFB59 /* Build configuration list for PBXNativeTarget "Bulmaca SozluguUITests" */;
			buildPhases = (
				968AB59E23E2AFA400AFFB59 /* Sources */,
				968AB59F23E2AFA400AFFB59 /* Frameworks */,
				968AB5A023E2AFA400AFFB59 /* Resources */,
			);
			buildRules = (
			);
			dependencies = (
				968AB5A423E2AFA400AFFB59 /* PBXTargetDependency */,
			);
			name = "Bulmaca SozluguUITests";
			productName = "Bulmaca SozluguUITests";
			productReference = 968AB5A223E2AFA400AFFB59 /* Bulmaca SozluguUITests.xctest */;
			productType = "com.apple.product-type.bundle.ui-testing";
		};
/* End PBXNativeTarget section */

/* Begin PBXProject section */
		968AB57923E2AF9A00AFFB59 /* Project object */ = {
			isa = PBXProject;
			attributes = {
				LastSwiftUpdateCheck = 1110;
				LastUpgradeCheck = 1110;
				ORGANIZATIONNAME = info;
				TargetAttributes = {
					968AB58023E2AF9A00AFFB59 = {
						CreatedOnToolsVersion = 11.1;
					};
					968AB59623E2AFA300AFFB59 = {
						CreatedOnToolsVersion = 11.1;
						TestTargetID = 968AB58023E2AF9A00AFFB59;
					};
					968AB5A123E2AFA400AFFB59 = {
						CreatedOnToolsVersion = 11.1;
						TestTargetID = 968AB58023E2AF9A00AFFB59;
					};
				};
			};
			buildConfigurationList = 968AB57C23E2AF9A00AFFB59 /* Build configuration list for PBXProject "Bulmaca Sozlugu" */;
			compatibilityVersion = "Xcode 9.3";
			developmentRegion = en;
			hasScannedForEncodings = 0;
			knownRegions = (
				en,
				Base,
			);
			mainGroup = 968AB57823E2AF9A00AFFB59;
			productRefGroup = 968AB58223E2AF9A00AFFB59 /* Products */;
			projectDirPath = "";
			projectRoot = "";
			targets = (
				968AB58023E2AF9A00AFFB59 /* Bulmaca Sozlugu */,
				968AB59623E2AFA300AFFB59 /* Bulmaca SozluguTests */,
				968AB5A123E2AFA400AFFB59 /* Bulmaca SozluguUITests */,
			);
		};
/* End PBXProject section */

/* Begin PBXResourcesBuildPhase section */
		968AB57F23E2AF9A00AFFB59 /* Resources */ = {
			isa = PBXResourcesBuildPhase;
			buildActionMask = 2147483647;
			files = (
				968AB59123E2AFA300AFFB59 /* LaunchScreen.storyboard in Resources */,
				968AB58E23E2AFA300AFFB59 /* Assets.xcassets in Resources */,
				968AB58C23E2AF9A00AFFB59 /* Main.storyboard in Resources */,
			);
			runOnlyForDeploymentPostprocessing = 0;
		};
		968AB59523E2AFA300AFFB59 /* Resources */ = {
			isa = PBXResourcesBuildPhase;
			buildActionMask = 2147483647;
			files = (
			);
			runOnlyForDeploymentPostprocessing = 0;
		};
		968AB5A023E2AFA400AFFB59 /* Resources */ = {
			isa = PBXResourcesBuildPhase;
			buildActionMask = 2147483647;
			files = (
			);
			runOnlyForDeploymentPostprocessing = 0;
		};
/* End PBXResourcesBuildPhase section */

/* Begin PBXSourcesBuildPhase section */
		968AB57D23E2AF9A00AFFB59 /* Sources */ = {
			isa = PBXSourcesBuildPhase;
			buildActionMask = 2147483647;
			files = (
				968AB58923E2AF9A00AFFB59 /* ViewController.swift in Sources */,
				968AB58523E2AF9A00AFFB59 /* AppDelegate.swift in Sources */,
				968AB58723E2AF9A00AFFB59 /* SceneDelegate.swift in Sources */,
			);
			runOnlyForDeploymentPostprocessing = 0;
		};
		968AB59323E2AFA300AFFB59 /* Sources */ = {
			isa = PBXSourcesBuildPhase;
			buildActionMask = 2147483647;
			files = (
				968AB59C23E2AFA400AFFB59 /* Bulmaca_SozluguTests.swift in Sources */,
			);
			runOnlyForDeploymentPostprocessing = 0;
		};
		968AB59E23E2AFA400AFFB59 /* Sources */ = {
			isa = PBXSourcesBuildPhase;
			buildActionMask = 2147483647;
			files = (
				968AB5A723E2AFA400AFFB59 /* Bulmaca_SozluguUITests.swift in Sources */,
			);
			runOnlyForDeploymentPostprocessing = 0;
		};
/* End PBXSourcesBuildPhase section */

/* Begin PBXTargetDependency section */
		968AB59923E2AFA300AFFB59 /* PBXTargetDependency */ = {
			isa = PBXTargetDependency;
			target = 968AB58023E2AF9A00AFFB59 /* Bulmaca Sozlugu */;
			targetProxy = 968AB59823E2AFA300AFFB59 /* PBXContainerItemProxy */;
		};
		968AB5A423E2AFA400AFFB59 /* PBXTargetDependency */ = {
			isa = PBXTargetDependency;
			target = 968AB58023E2AF9A00AFFB59 /* Bulmaca Sozlugu */;
			targetProxy = 968AB5A323E2AFA400AFFB59 /* PBXContainerItemProxy */;
		};
/* End PBXTargetDependency section */

/* Begin PBXVariantGroup section */
		968AB58A23E2AF9A00AFFB59 /* Main.storyboard */ = {
			isa = PBXVariantGroup;
			children = (
				968AB58B23E2AF9A00AFFB59 /* Base */,
			);
			name = Main.storyboard;
			sourceTree = "<group>";
		};
		968AB58F23E2AFA300AFFB59 /* LaunchScreen.storyboard */ = {
			isa = PBXVariantGroup;
			children = (
				968AB59023E2AFA300AFFB59 /* Base */,
			);
			name = LaunchScreen.storyboard;
			sourceTree = "<group>";
		};
/* End PBXVariantGroup section */

/* Begin XCBuildConfiguration section */
		968AB5A923E2AFA400AFFB59 /* Debug */ = {
			isa = XCBuildConfiguration;
			buildSettings = {
				ALWAYS_SEARCH_USER_PATHS = NO;
				CLANG_ANALYZER_NONNULL = YES;
				CLANG_ANALYZER_NUMBER_OBJECT_CONVERSION = YES_AGGRESSIVE;
				CLANG_CXX_LANGUAGE_STANDARD = "gnu++14";
				CLANG_CXX_LIBRARY = "libc++";
				CLANG_ENABLE_MODULES = YES;
				CLANG_ENABLE_OBJC_ARC = YES;
				CLANG_ENABLE_OBJC_WEAK = YES;
				CLANG_WARN_BLOCK_CAPTURE_AUTORELEASING = YES;
				CLANG_WARN_BOOL_CONVERSION = YES;
				CLANG_WARN_COMMA = YES;
				CLANG_WARN_CONSTANT_CONVERSION = YES;
				CLANG_WARN_DEPRECATED_OBJC_IMPLEMENTATIONS = YES;
				CLANG_WARN_DIRECT_OBJC_ISA_USAGE = YES_ERROR;
				CLANG_WARN_DOCUMENTATION_COMMENTS = YES;
				CLANG_WARN_EMPTY_BODY = YES;
				CLANG_WARN_ENUM_CONVERSION = YES;
				CLANG_WARN_INFINITE_RECURSION = YES;
				CLANG_WARN_INT_CONVERSION = YES;
				CLANG_WARN_NON_LITERAL_NULL_CONVERSION = YES;
				CLANG_WARN_OBJC_IMPLICIT_RETAIN_SELF = YES;
				CLANG_WARN_OBJC_LITERAL_CONVERSION = YES;
				CLANG_WARN_OBJC_ROOT_CLASS = YES_ERROR;
				CLANG_WARN_RANGE_LOOP_ANALYSIS = YES;
				CLANG_WARN_STRICT_PROTOTYPES = YES;
				CLANG_WARN_SUSPICIOUS_MOVE = YES;
				CLANG_WARN_UNGUARDED_AVAILABILITY = YES_AGGRESSIVE;
				CLANG_WARN_UNREACHABLE_CODE = YES;
				CLANG_WARN__DUPLICATE_METHOD_MATCH = YES;
				COPY_PHASE_STRIP = NO;
				DEBUG_INFORMATION_FORMAT = dwarf;
				ENABLE_STRICT_OBJC_MSGSEND = YES;
				ENABLE_TESTABILITY = YES;
				GCC_C_LANGUAGE_STANDARD = gnu11;
				GCC_DYNAMIC_NO_PIC = NO;
				GCC_NO_COMMON_BLOCKS = YES;
				GCC_OPTIMIZATION_LEVEL = 0;
				GCC_PREPROCESSOR_DEFINITIONS = (
					"DEBUG=1",
					"$(inherited)",
				);
				GCC_WARN_64_TO_32_BIT_CONVERSION = YES;
				GCC_WARN_ABOUT_RETURN_TYPE = YES_ERROR;
				GCC_WARN_UNDECLARED_SELECTOR = YES;
				GCC_WARN_UNINITIALIZED_AUTOS = YES_AGGRESSIVE;
				GCC_WARN_UNUSED_FUNCTION = YES;
				GCC_WARN_UNUSED_VARIABLE = YES;
				IPHONEOS_DEPLOYMENT_TARGET = 13.1;
				MTL_ENABLE_DEBUG_INFO = INCLUDE_SOURCE;
				MTL_FAST_MATH = YES;
				ONLY_ACTIVE_ARCH = YES;
				SDKROOT = iphoneos;
				SWIFT_ACTIVE_COMPILATION_CONDITIONS = DEBUG;
				SWIFT_OPTIMIZATION_LEVEL = "-Onone";
			};
			name = Debug;
		};
		968AB5AA23E2AFA400AFFB59 /* Release */ = {
			isa = XCBuildConfiguration;
			buildSettings = {
				ALWAYS_SEARCH_USER_PATHS = NO;
				CLANG_ANALYZER_NONNULL = YES;
				CLANG_ANALYZER_NUMBER_OBJECT_CONVERSION = YES_AGGRESSIVE;
				CLANG_CXX_LANGUAGE_STANDARD = "gnu++14";
				CLANG_CXX_LIBRARY = "libc++";
				CLANG_ENABLE_MODULES = YES;
				CLANG_ENABLE_OBJC_ARC = YES;
				CLANG_ENABLE_OBJC_WEAK = YES;
				CLANG_WARN_BLOCK_CAPTURE_AUTORELEASING = YES;
				CLANG_WARN_BOOL_CONVERSION = YES;
				CLANG_WARN_COMMA = YES;
				CLANG_WARN_CONSTANT_CONVERSION = YES;
				CLANG_WARN_DEPRECATED_OBJC_IMPLEMENTATIONS = YES;
				CLANG_WARN_DIRECT_OBJC_ISA_USAGE = YES_ERROR;
				CLANG_WARN_DOCUMENTATION_COMMENTS = YES;
				CLANG_WARN_EMPTY_BODY = YES;
				CLANG_WARN_ENUM_CONVERSION = YES;
				CLANG_WARN_INFINITE_RECURSION = YES;
				CLANG_WARN_INT_CONVERSION = YES;
				CLANG_WARN_NON_LITERAL_NULL_CONVERSION = YES;
				CLANG_WARN_OBJC_IMPLICIT_RETAIN_SELF = YES;
				CLANG_WARN_OBJC_LITERAL_CONVERSION = YES;
				CLANG_WARN_OBJC_ROOT_CLASS = YES_ERROR;
				CLANG_WARN_RANGE_LOOP_ANALYSIS = YES;
				CLANG_WARN_STRICT_PROTOTYPES = YES;
				CLANG_WARN_SUSPICIOUS_MOVE = YES;
				CLANG_WARN_UNGUARDED_AVAILABILITY = YES_AGGRESSIVE;
				CLANG_WARN_UNREACHABLE_CODE = YES;
				CLANG_WARN__DUPLICATE_METHOD_MATCH = YES;
				COPY_PHASE_STRIP = NO;
				DEBUG_INFORMATION_FORMAT = "dwarf-with-dsym";
				ENABLE_NS_ASSERTIONS = NO;
				ENABLE_STRICT_OBJC_MSGSEND = YES;
				GCC_C_LANGUAGE_STANDARD = gnu11;
				GCC_NO_COMMON_BLOCKS = YES;
				GCC_WARN_64_TO_32_BIT_CONVERSION = YES;
				GCC_WARN_ABOUT_RETURN_TYPE = YES_ERROR;
				GCC_WARN_UNDECLARED_SELECTOR = YES;
				GCC_WARN_UNINITIALIZED_AUTOS = YES_AGGRESSIVE;
				GCC_WARN_UNUSED_FUNCTION = YES;
				GCC_WARN_UNUSED_VARIABLE = YES;
				IPHONEOS_DEPLOYMENT_TARGET = 13.1;
				MTL_ENABLE_DEBUG_INFO = NO;
				MTL_FAST_MATH = YES;
				SDKROOT = iphoneos;
				SWIFT_COMPILATION_MODE = wholemodule;
				SWIFT_OPTIMIZATION_LEVEL = "-O";
				VALIDATE_PRODUCT = YES;
			};
			name = Release;
		};
		968AB5AC23E2AFA400AFFB59 /* Debug */ = {
			isa = XCBuildConfiguration;
			buildSettings = {
				ASSETCATALOG_COMPILER_APPICON_NAME = AppIcon;
				CODE_SIGN_STYLE = Automatic;
				INFOPLIST_FILE = "Bulmaca Sozlugu/Info.plist";
				LD_RUNPATH_SEARCH_PATHS = (
					"$(inherited)",
					"@executable_path/Frameworks",
				);
				PRODUCT_BUNDLE_IDENTIFIER = "info.Bulmaca-Sozlugu";
				PRODUCT_NAME = "$(TARGET_NAME)";
				SWIFT_VERSION = 5.0;
				TARGETED_DEVICE_FAMILY = "1,2";
			};
			name = Debug;
		};
		968AB5AD23E2AFA400AFFB59 /* Release */ = {
			isa = XCBuildConfiguration;
			buildSettings = {
				ASSETCATALOG_COMPILER_APPICON_NAME = AppIcon;
				CODE_SIGN_STYLE = Automatic;
				INFOPLIST_FILE = "Bulmaca Sozlugu/Info.plist";
				LD_RUNPATH_SEARCH_PATHS = (
					"$(inherited)",
					"@executable_path/Frameworks",
				);
				PRODUCT_BUNDLE_IDENTIFIER = "info.Bulmaca-Sozlugu";
				PRODUCT_NAME = "$(TARGET_NAME)";
				SWIFT_VERSION = 5.0;
				TARGETED_DEVICE_FAMILY = "1,2";
			};
			name = Release;
		};
		968AB5AF23E2AFA400AFFB59 /* Debug */ = {
			isa = XCBuildConfiguration;
			buildSettings = {
				ALWAYS_EMBED_SWIFT_STANDARD_LIBRARIES = YES;
				BUNDLE_LOADER = "$(TEST_HOST)";
				CODE_SIGN_STYLE = Automatic;
				INFOPLIST_FILE = "Bulmaca SozluguTests/Info.plist";
				IPHONEOS_DEPLOYMENT_TARGET = 13.1;
				LD_RUNPATH_SEARCH_PATHS = (
					"$(inherited)",
					"@executable_path/Frameworks",
					"@loader_path/Frameworks",
				);
				PRODUCT_BUNDLE_IDENTIFIER = "info.Bulmaca-SozluguTests";
				PRODUCT_NAME = "$(TARGET_NAME)";
				SWIFT_VERSION = 5.0;
				TARGETED_DEVICE_FAMILY = "1,2";
				TEST_HOST = "$(BUILT_PRODUCTS_DIR)/Bulmaca Sozlugu.app/Bulmaca Sozlugu";
			};
			name = Debug;
		};
		968AB5B023E2AFA400AFFB59 /* Release */ = {
			isa = XCBuildConfiguration;
			buildSettings = {
				ALWAYS_EMBED_SWIFT_STANDARD_LIBRARIES = YES;
				BUNDLE_LOADER = "$(TEST_HOST)";
				CODE_SIGN_STYLE = Automatic;
				INFOPLIST_FILE = "Bulmaca SozluguTests/Info.plist";
				IPHONEOS_DEPLOYMENT_TARGET = 13.1;
				LD_RUNPATH_SEARCH_PATHS = (
					"$(inherited)",
					"@executable_path/Frameworks",
					"@loader_path/Frameworks",
				);
				PRODUCT_BUNDLE_IDENTIFIER = "info.Bulmaca-SozluguTests";
				PRODUCT_NAME = "$(TARGET_NAME)";
				SWIFT_VERSION = 5.0;
				TARGETED_DEVICE_FAMILY = "1,2";
				TEST_HOST = "$(BUILT_PRODUCTS_DIR)/Bulmaca Sozlugu.app/Bulmaca Sozlugu";
			};
			name = Release;
		};
		968AB5B223E2AFA400AFFB59 /* Debug */ = {
			isa = XCBuildConfiguration;
			buildSettings = {
				ALWAYS_EMBED_SWIFT_STANDARD_LIBRARIES = YES;
				CODE_SIGN_STYLE = Automatic;
				INFOPLIST_FILE = "Bulmaca SozluguUITests/Info.plist";
				LD_RUNPATH_SEARCH_PATHS = (
					"$(inherited)",
					"@executable_path/Frameworks",
					"@loader_path/Frameworks",
				);
				PRODUCT_BUNDLE_IDENTIFIER = "info.Bulmaca-SozluguUITests";
				PRODUCT_NAME = "$(TARGET_NAME)";
				SWIFT_VERSION = 5.0;
				TARGETED_DEVICE_FAMILY = "1,2";
				TEST_TARGET_NAME = "Bulmaca Sozlugu";
			};
			name = Debug;
		};
		968AB5B323E2AFA400AFFB59 /* Release */ = {
			isa = XCBuildConfiguration;
			buildSettings = {
				ALWAYS_EMBED_SWIFT_STANDARD_LIBRARIES = YES;
				CODE_SIGN_STYLE = Automatic;
				INFOPLIST_FILE = "Bulmaca SozluguUITests/Info.plist";
				LD_RUNPATH_SEARCH_PATHS = (
					"$(inherited)",
					"@executable_path/Frameworks",
					"@loader_path/Frameworks",
				);
				PRODUCT_BUNDLE_IDENTIFIER = "info.Bulmaca-SozluguUITests";
				PRODUCT_NAME = "$(TARGET_NAME)";
				SWIFT_VERSION = 5.0;
				TARGETED_DEVICE_FAMILY = "1,2";
				TEST_TARGET_NAME = "Bulmaca Sozlugu";
			};
			name = Release;
		};
/* End XCBuildConfiguration section */

/* Begin XCConfigurationList section */
		968AB57C23E2AF9A00AFFB59 /* Build configuration list for PBXProject "Bulmaca Sozlugu" */ = {
			isa = XCConfigurationList;
			buildConfigurations = (
				968AB5A923E2AFA400AFFB59 /* Debug */,
				968AB5AA23E2AFA400AFFB59 /* Release */,
			);
			defaultConfigurationIsVisible = 0;
			defaultConfigurationName = Release;
		};
		968AB5AB23E2AFA400AFFB59 /* Build configuration list for PBXNativeTarget "Bulmaca Sozlugu" */ = {
			isa = XCConfigurationList;
			buildConfigurations = (
				968AB5AC23E2AFA400AFFB59 /* Debug */,
				968AB5AD23E2AFA400AFFB59 /* Release */,
			);
			defaultConfigurationIsVisible = 0;
			defaultConfigurationName = Release;
		};
		968AB5AE23E2AFA400AFFB59 /* Build configuration list for PBXNativeTarget "Bulmaca SozluguTests" */ = {
			isa = XCConfigurationList;
			buildConfigurations = (
				968AB5AF23E2AFA400AFFB59 /* Debug */,
				968AB5B023E2AFA400AFFB59 /* Release */,
			);
			defaultConfigurationIsVisible = 0;
			defaultConfigurationName = Release;
		};
		968AB5B123E2AFA400AFFB59 /* Build configuration list for PBXNativeTarget "Bulmaca SozluguUITests" */ = {
			isa = XCConfigurationList;
			buildConfigurations = (
				968AB5B223E2AFA400AFFB59 /* Debug */,
				968AB5B323E2AFA400AFFB59 /* Release */,
			);
			defaultConfigurationIsVisible = 0;
			defaultConfigurationName = Release;
		};
/* End XCConfigurationList section */
	};
	rootObject = 968AB57923E2AF9A00AFFB59 /* Project object */;
}
